# THIS IS AN AUTOGENERATED FILE. DO NOT EDIT THIS FILE DIRECTLY.
# yarn lockfile v1


"@babel/runtime@^7.12.0":
  version "7.17.8"
  resolved "https://registry.yarnpkg.com/@babel/runtime/-/runtime-7.17.8.tgz#3e56e4aff81befa55ac3ac6a0967349fd1c5bca2"
  integrity sha512-dQpEpK0O9o6lj6oPu0gRDbbnk+4LeHlNcBpspf6Olzt3GIX4P1lWF1gS+pHLDFlaJvbR6q7jCfQ08zA4QJBnmA==
  dependencies:
    regenerator-runtime "^0.13.4"

argparse@^1.0.7:
  version "1.0.10"
  resolved "https://registry.yarnpkg.com/argparse/-/argparse-1.0.10.tgz#bcd6791ea5ae09725e17e5ad988134cd40b3d911"
  integrity sha512-o5Roy6tNG4SL/FOkCAN6RzjiakZS25RLYFrcMttJqbdd8BWrnA+fGz57iN5Pb06pvBGvl5gQ0B48dJlslXvoTg==
  dependencies:
    sprintf-js "~1.0.2"

call-me-maybe@^1.0.1:
  version "1.0.1"
  resolved "https://registry.yarnpkg.com/call-me-maybe/-/call-me-maybe-1.0.1.tgz#26d208ea89e37b5cbde60250a15f031c16a4d66b"
  integrity sha1-JtII6onje1y95gJQoV8DHBak1ms=

esbuild-android-64@0.14.28:
  version "0.14.28"
  resolved "https://registry.yarnpkg.com/esbuild-android-64/-/esbuild-android-64-0.14.28.tgz#69c7a8a4f4a888eb5584afb035524b0fda7affff"
  integrity sha512-A52C3zq+9tNwCqZ+4kVLBxnk/WnrYM8P2+QNvNE9B6d2OVPs214lp3g6UyO+dKDhUdefhfPCuwkP8j2A/+szNA==

esbuild-android-arm64@0.14.28:
  version "0.14.28"
  resolved "https://registry.yarnpkg.com/esbuild-android-arm64/-/esbuild-android-arm64-0.14.28.tgz#110ff82019e75b866b53844c32f19f7933b4ce36"
  integrity sha512-sm0fDEGElZhMC3HLZeECI2juE4aG7uPfMBMqNUhy9CeX399Pz8rC6e78OXMXInGjSdEAwQmCOHmfsP7uv3Q8rA==

esbuild-darwin-64@0.14.28:
  version "0.14.28"
  resolved "https://registry.yarnpkg.com/esbuild-darwin-64/-/esbuild-darwin-64-0.14.28.tgz#d929ce16035da6047504fe8a71587d2ac9b756ed"
  integrity sha512-nzDd7mQ44FvsFHtOafZdBgn3Li5SMsnMnoz1J2MM37xJmR3wGNTFph88KypjHgWqwbxCI7MXS1U+sN4qDeeW6Q==

esbuild-darwin-arm64@0.14.28:
  version "0.14.28"
  resolved "https://registry.yarnpkg.com/esbuild-darwin-arm64/-/esbuild-darwin-arm64-0.14.28.tgz#75e1cb75c2230c541be1707c6751395fee9f6bbd"
  integrity sha512-XEq/bLR/glsUl+uGrBimQzOVs/CmwI833fXUhP9xrLI3IJ+rKyrZ5IA8u+1crOEf1LoTn8tV+hInmX6rGjbScw==

esbuild-freebsd-64@0.14.28:
  version "0.14.28"
  resolved "https://registry.yarnpkg.com/esbuild-freebsd-64/-/esbuild-freebsd-64-0.14.28.tgz#3579fd41f4c090d52e1a9134743e591c6aea49d7"
  integrity sha512-rTKLgUj/HEcPeE5XZ7IZwWpFx7IWMfprN7QRk/TUJE1s1Ipb58esboIesUpjirJz/BwrgHq+FDG9ChAI8dZAtQ==

esbuild-freebsd-arm64@0.14.28:
  version "0.14.28"
  resolved "https://registry.yarnpkg.com/esbuild-freebsd-arm64/-/esbuild-freebsd-arm64-0.14.28.tgz#de1c102a40005fa9da5160c0242b2de89ffd2d7b"
  integrity sha512-sBffxD1UMOsB7aWMoExmipycjcy3HJGwmqE4GQZUTZvdiH4GhjgUiVdtPyt7kSCdL40JqnWQJ4b1l8Y51oCF4Q==

esbuild-linux-32@0.14.28:
  version "0.14.28"
  resolved "https://registry.yarnpkg.com/esbuild-linux-32/-/esbuild-linux-32-0.14.28.tgz#cdb8ac2000df06044450bf33a93b9d63d61bb669"
  integrity sha512-+Wxidh3fBEQ9kHcCsD4etlBTMb1n6QY2uXv3rFhVn88CY/JP782MhA57/ipLMY4kOLeSKEuFGN4rtjHuhmRMig==

esbuild-linux-64@0.14.28:
  version "0.14.28"
  resolved "https://registry.yarnpkg.com/esbuild-linux-64/-/esbuild-linux-64-0.14.28.tgz#b1e961d42af89dab8c3c0ce86420a7657765f0ae"
  integrity sha512-7+xgsC4LvR6cnzaBdiljNnPDjbkwzahogN+S9uy9AoYw7ZjPnnXc6sjQAVCbqGb7MEgrWdpa6u/Tao79i4lWxg==

esbuild-linux-arm64@0.14.28:
  version "0.14.28"
  resolved "https://registry.yarnpkg.com/esbuild-linux-arm64/-/esbuild-linux-arm64-0.14.28.tgz#f69e6ace792a4985b9760b443dbf627e5e3d2126"
  integrity sha512-EjRHgwg+kgXABzyoPGPOPg4d5wZqRnZ/ZAxBDzLY+i6DS8OUfTSlZHWIOZzU4XF7125WxRBg9ULbrFJBl+57Eg==

esbuild-linux-arm@0.14.28:
  version "0.14.28"
  resolved "https://registry.yarnpkg.com/esbuild-linux-arm/-/esbuild-linux-arm-0.14.28.tgz#9c2fa45578686370a5d782314f321a2c6b641270"
  integrity sha512-L5isjmlLbh9E0WVllXiVETbScgMbth/+XkXQii1WwgO1RvLIfaGrVFz8d2n6EH/ImtgYxPYGx+OcvIKQBc91Rg==

esbuild-linux-mips64le@0.14.28:
  version "0.14.28"
  resolved "https://registry.yarnpkg.com/esbuild-linux-mips64le/-/esbuild-linux-mips64le-0.14.28.tgz#99d78f0380640aa7faa2c4c49ac21229bdf33c7c"
  integrity sha512-krx9SSg7yfiUKk64EmjefOyiEF6nv2bRE4um/LiTaQ6Y/6FP4UF3/Ou/AxZVyR154uSRq63xejcAsmswXAYRsw==

esbuild-linux-ppc64le@0.14.28:
  version "0.14.28"
  resolved "https://registry.yarnpkg.com/esbuild-linux-ppc64le/-/esbuild-linux-ppc64le-0.14.28.tgz#7388fa0c76033b4ca85b74071cb793d41ae77642"
  integrity sha512-LD0Xxu9g+DNuhsEBV5QuVZ4uKVBMup0xPIruLweuAf9/mHXFnaCuNXUBF5t0DxKl7GQ5MSioKtnb92oMo+QXEw==

esbuild-linux-riscv64@0.14.28:
  version "0.14.28"
  resolved "https://registry.yarnpkg.com/esbuild-linux-riscv64/-/esbuild-linux-riscv64-0.14.28.tgz#99e4a8afe4762e927ebe02009e1927e38f3256ab"
  integrity sha512-L/DWfRh2P0vxq4Y+qieSNXKGdMg+e9Qe8jkbN2/8XSGYDTPzO2OcAxSujob4qIh7iSl+cknbXV+BvH0YFR0jbg==

esbuild-linux-s390x@0.14.28:
  version "0.14.28"
  resolved "https://registry.yarnpkg.com/esbuild-linux-s390x/-/esbuild-linux-s390x-0.14.28.tgz#38a625399ffc78f3b8b555ebe2013347256a9a8a"
  integrity sha512-rrgxmsbmL8QQknWGnAL9bGJRQYLOi2AzXy5OTwfhxnj9eqjo5mSVbJXjgiq5LPUAMQZGdPH5yaNK0obAXS81Zw==

esbuild-netbsd-64@0.14.28:
  version "0.14.28"
  resolved "https://registry.yarnpkg.com/esbuild-netbsd-64/-/esbuild-netbsd-64-0.14.28.tgz#fdc09dd69313f42be034276cc780bf60c09266b6"
  integrity sha512-h8wntIyOR8/xMVVM6TvJxxWKh4AjmLK87IPKpuVi8Pq0kyk0RMA+eo4PFGk5j2XK0D7dj8PcSF5NSlP9kN/j0A==

esbuild-openbsd-64@0.14.28:
  version "0.14.28"
  resolved "https://registry.yarnpkg.com/esbuild-openbsd-64/-/esbuild-openbsd-64-0.14.28.tgz#9d7b0ca421ae580ab945c69c33eabd793262a84c"
  integrity sha512-HBv18rVapbuDx52/fhZ/c/w6TXyaQAvRxiDDn5Hz/pBcwOs3cdd2WxeIKlWmDoqm2JMx5EVlq4IWgoaRX9mVkw==

esbuild-sunos-64@0.14.28:
  version "0.14.28"
  resolved "https://registry.yarnpkg.com/esbuild-sunos-64/-/esbuild-sunos-64-0.14.28.tgz#5b82807ebe435519a2689e1a4d50b8a3cc5c64c0"
  integrity sha512-zlIxePhZxKYheR2vBCgPVvTixgo/ozOfOMoP6RZj8dxzquU1NgeyhjkcRXucbLCtmoNJ+i4PtWwPZTLuDd3bGg==

esbuild-windows-32@0.14.28:
  version "0.14.28"
  resolved "https://registry.yarnpkg.com/esbuild-windows-32/-/esbuild-windows-32-0.14.28.tgz#5cf740782fadc865c00aa0d8388e42012bcf496e"
  integrity sha512-am9DIJxXlld1BOAY/VlvBQHMUCPL7S3gB/lnXIY3M4ys0gfuRqPf4EvMwZMzYUbFKBY+/Qb8SRgPRRGhwnJ8Kg==

esbuild-windows-64@0.14.28:
  version "0.14.28"
  resolved "https://registry.yarnpkg.com/esbuild-windows-64/-/esbuild-windows-64-0.14.28.tgz#6e3ec1b0225d668a2da21e2ffeff2353b5c9a567"
  integrity sha512-78PhySDnmRZlsPNp/W/5Fim8iivlBQQxfhBFIqR7xwvfDmCFUSByyMKP7LCHgNtb04yNdop8nJJkJaQ8Xnwgiw==

esbuild-windows-arm64@0.14.28:
  version "0.14.28"
  resolved "https://registry.yarnpkg.com/esbuild-windows-arm64/-/esbuild-windows-arm64-0.14.28.tgz#c527d52ec7d1f868259d0f74ecc4003e8475125d"
  integrity sha512-VhXGBTo6HELD8zyHXynV6+L2jWx0zkKnGx4TmEdSBK7UVFACtOyfUqpToG0EtnYyRZ0HESBhzPSVpP781ovmvA==

esbuild@0.14.28:
  version "0.14.28"
  resolved "https://registry.yarnpkg.com/esbuild/-/esbuild-0.14.28.tgz#7738635d2ea19e446bd319d83a1802545e6aebb8"
  integrity sha512-YLNprkCcMVKQ5sekmCKEQ3Obu/L7s6+iij38xNKyBeSmSsTWur4Ky/9zB3XIGT8SCJITG/bZwAR2l7YOAXch4Q==
  optionalDependencies:
    esbuild-android-64 "0.14.28"
    esbuild-android-arm64 "0.14.28"
    esbuild-darwin-64 "0.14.28"
    esbuild-darwin-arm64 "0.14.28"
    esbuild-freebsd-64 "0.14.28"
    esbuild-freebsd-arm64 "0.14.28"
    esbuild-linux-32 "0.14.28"
    esbuild-linux-64 "0.14.28"
    esbuild-linux-arm "0.14.28"
    esbuild-linux-arm64 "0.14.28"
    esbuild-linux-mips64le "0.14.28"
    esbuild-linux-ppc64le "0.14.28"
    esbuild-linux-riscv64 "0.14.28"
    esbuild-linux-s390x "0.14.28"
    esbuild-netbsd-64 "0.14.28"
    esbuild-openbsd-64 "0.14.28"
    esbuild-sunos-64 "0.14.28"
    esbuild-windows-32 "0.14.28"
    esbuild-windows-64 "0.14.28"
    esbuild-windows-arm64 "0.14.28"

esprima@^4.0.0:
  version "4.0.1"
  resolved "https://registry.yarnpkg.com/esprima/-/esprima-4.0.1.tgz#13b04cdb3e6c5d19df91ab6987a8695619b0aa71"
  integrity sha512-eGuFFw7Upda+g4p+QHvnW0RyTX/SVeJBDM/gCtMARO0cLuT2HcEKnTPvhjV6aGeqrCB/sbNop0Kszm0jsaWU4A==

format-util@^1.0.3:
  version "1.0.5"
  resolved "https://registry.yarnpkg.com/format-util/-/format-util-1.0.5.tgz#1ffb450c8a03e7bccffe40643180918cc297d271"
  integrity sha512-varLbTj0e0yVyRpqQhuWV+8hlePAgaoFRhNFj50BNjEIrw1/DphHSObtqwskVCPWNgzwPoQrZAbfa/SBiicNeg==

i18next@20.6.1:
  version "20.6.1"
  resolved "https://registry.yarnpkg.com/i18next/-/i18next-20.6.1.tgz#535e5f6e5baeb685c7d25df70db63bf3cc0aa345"
  integrity sha512-yCMYTMEJ9ihCwEQQ3phLo7I/Pwycf8uAx+sRHwwk5U9Aui/IZYgQRyMqXafQOw5QQ7DM1Z+WyEXWIqSuJHhG2A==
  dependencies:
    "@babel/runtime" "^7.12.0"

js-yaml@^3.12.1:
  version "3.14.1"
  resolved "https://registry.yarnpkg.com/js-yaml/-/js-yaml-3.14.1.tgz#dae812fdb3825fa306609a8717383c50c36a0537"
  integrity sha512-okMH7OXXJ7YrN9Ok3/SXrnu4iX9yOk+25nqX4imS2npuvTYDmo/QEZoqwZkYaIDk3jVvBOTOIEgEhaLOynBS9g==
  dependencies:
    argparse "^1.0.7"
    esprima "^4.0.0"

json-schema-faker@0.5.0-rcv.42:
  version "0.5.0-rcv.42"
  resolved "https://registry.yarnpkg.com/json-schema-faker/-/json-schema-faker-0.5.0-rcv.42.tgz#edb4d1793065ed03c5517f24ec7e0c3c8515e056"
  integrity sha512-LL3Hm4mMqiAFOecyiB0ECDXQRf9fbm1JOX/5xVYs87hSHLMPNGVLa3oCcVpKz+pmNs/fuI8R3J4awsLnCZGrkg==
  dependencies:
    json-schema-ref-parser "^6.1.0"
    jsonpath-plus "^5.1.0"

json-schema-ref-parser@^6.1.0:
  version "6.1.0"
  resolved "https://registry.yarnpkg.com/json-schema-ref-parser/-/json-schema-ref-parser-6.1.0.tgz#30af34aeab5bee0431da805dac0eb21b574bf63d"
  integrity sha512-pXe9H1m6IgIpXmE5JSb8epilNTGsmTb2iPohAXpOdhqGFbQjNeHHsZxU+C8w6T81GZxSPFLeUoqDJmzxx5IGuw==
  dependencies:
    call-me-maybe "^1.0.1"
    js-yaml "^3.12.1"
    ono "^4.0.11"

jsonpath-plus@^5.1.0:
  version "5.1.0"
  resolved "https://registry.yarnpkg.com/jsonpath-plus/-/jsonpath-plus-5.1.0.tgz#2fc4b2e461950626c98525425a3a3518b85af6c3"
  integrity sha512-890w2Pjtj0iswAxalRlt2kHthi6HKrXEfZcn+ZNZptv7F3rUGIeDuZo+C+h4vXBHLEsVjJrHeCm35nYeZLzSBQ==

ono@^4.0.11:
  version "4.0.11"
  resolved "https://registry.yarnpkg.com/ono/-/ono-4.0.11.tgz#c7f4209b3e396e8a44ef43b9cedc7f5d791d221d"
  integrity sha512-jQ31cORBFE6td25deYeD80wxKBMj+zBmHTrVxnc6CKhx8gho6ipmWM5zj/oeoqioZ99yqBls9Z/9Nss7J26G2g==
  dependencies:
    format-util "^1.0.3"

regenerator-runtime@^0.13.4:
  version "0.13.9"
  resolved "https://registry.yarnpkg.com/regenerator-runtime/-/regenerator-runtime-0.13.9.tgz#8925742a98ffd90814988d7566ad30ca3b263b52"
  integrity sha512-p3VT+cOEgxFsRRA9X4lkI1E+k2/CtnKtU4gcxyaCUreilL/vqI6CdZ3wxVUx3UOUg+gnUOQQcRI7BmSI656MYA==

sprintf-js@~1.0.2:
  version "1.0.3"
  resolved "https://registry.yarnpkg.com/sprintf-js/-/sprintf-js-1.0.3.tgz#04e6926f662895354f3dd015203633b857297e2c"
  integrity sha1-BOaSb2YolTVPPdAVIDYzuFcpfiw=
